// !$*UTF8*$!
{
	archiveVersion = 1;
	classes = {
	};
	objectVersion = 46;
	objects = {

/* Begin PBXBuildFile section */
		201FBF721D9269CE00A4D5E4 /* TTNativeBetweenJSInterface.m in Sources */ = {isa = PBXBuildFile; fileRef = 201FBF711D9269CE00A4D5E4 /* TTNativeBetweenJSInterface.m */; };
		201FBF831D928D2C00A4D5E4 /* H5Resource in Resources */ = {isa = PBXBuildFile; fileRef = 201FBF821D928D2C00A4D5E4 /* H5Resource */; };
		203205B11D91219D007EB4C8 /* index.html in Resources */ = {isa = PBXBuildFile; fileRef = 203205B01D91219D007EB4C8 /* index.html */; };
		2050E4FB1DB0BBA70027C22E /* TTLogger.m in Sources */ = {isa = PBXBuildFile; fileRef = 2050E4FA1DB0BBA70027C22E /* TTLogger.m */; };
		2062D7671D4843B800B7BF5D /* main.m in Sources */ = {isa = PBXBuildFile; fileRef = 2062D7661D4843B800B7BF5D /* main.m */; };
		2062D76A1D4843B800B7BF5D /* AppDelegate.m in Sources */ = {isa = PBXBuildFile; fileRef = 2062D7691D4843B800B7BF5D /* AppDelegate.m */; };
		2062D76D1D4843B800B7BF5D /* ViewController.m in Sources */ = {isa = PBXBuildFile; fileRef = 2062D76C1D4843B800B7BF5D /* ViewController.m */; };
		2062D7701D4843B800B7BF5D /* Main.storyboard in Resources */ = {isa = PBXBuildFile; fileRef = 2062D76E1D4843B800B7BF5D /* Main.storyboard */; };
		2062D7721D4843B800B7BF5D /* Assets.xcassets in Resources */ = {isa = PBXBuildFile; fileRef = 2062D7711D4843B800B7BF5D /* Assets.xcassets */; };
		2062D7751D4843B800B7BF5D /* LaunchScreen.storyboard in Resources */ = {isa = PBXBuildFile; fileRef = 2062D7731D4843B800B7BF5D /* LaunchScreen.storyboard */; };
		2086A43F1D73D28500454087 /* TTBaseViewController.m in Sources */ = {isa = PBXBuildFile; fileRef = 2086A43E1D73D28500454087 /* TTBaseViewController.m */; };
		2086F6CB1D748A4700BB6559 /* TTMsgSend.m in Sources */ = {isa = PBXBuildFile; fileRef = 2086F6C41D748A4700BB6559 /* TTMsgSend.m */; };
		2086F6CC1D748A4700BB6559 /* TTPerson.m in Sources */ = {isa = PBXBuildFile; fileRef = 2086F6C61D748A4700BB6559 /* TTPerson.m */; };
		2086F6CE1D748A4700BB6559 /* UILabel+UILabel_Font.m in Sources */ = {isa = PBXBuildFile; fileRef = 2086F6CA1D748A4700BB6559 /* UILabel+UILabel_Font.m */; };
		20B913DD1D936A5D00FB5EC8 /* TTPersonModel.m in Sources */ = {isa = PBXBuildFile; fileRef = 20B913DC1D936A5D00FB5EC8 /* TTPersonModel.m */; };
		20B913E01D936C6100FB5EC8 /* TTDataParserViewController.m in Sources */ = {isa = PBXBuildFile; fileRef = 20B913DF1D936C6100FB5EC8 /* TTDataParserViewController.m */; };
		20B913E61D93825C00FB5EC8 /* TTUser.m in Sources */ = {isa = PBXBuildFile; fileRef = 20B913E51D93825C00FB5EC8 /* TTUser.m */; };
		20B913F01D9388C800FB5EC8 /* TTNewsModel.m in Sources */ = {isa = PBXBuildFile; fileRef = 20B913EF1D9388C800FB5EC8 /* TTNewsModel.m */; };
		20B913F41D9389D300FB5EC8 /* TTHouseNewsModel.m in Sources */ = {isa = PBXBuildFile; fileRef = 20B913F31D9389D300FB5EC8 /* TTHouseNewsModel.m */; };
		20B913F81D93A66F00FB5EC8 /* TTStatusResults.m in Sources */ = {isa = PBXBuildFile; fileRef = 20B913F71D93A66F00FB5EC8 /* TTStatusResults.m */; };
		20B913FB1D93A9C300FB5EC8 /* TTAd.m in Sources */ = {isa = PBXBuildFile; fileRef = 20B913FA1D93A9C300FB5EC8 /* TTAd.m */; };
		20B913FE1D93AA5F00FB5EC8 /* TTStatus.m in Sources */ = {isa = PBXBuildFile; fileRef = 20B913FD1D93AA5F00FB5EC8 /* TTStatus.m */; };
		20B914011D93B80500FB5EC8 /* TTBag.m in Sources */ = {isa = PBXBuildFile; fileRef = 20B914001D93B80500FB5EC8 /* TTBag.m */; };
		20B914041D93B89200FB5EC8 /* TTStudent.m in Sources */ = {isa = PBXBuildFile; fileRef = 20B914031D93B89200FB5EC8 /* TTStudent.m */; };
		20BEF9471E73CD530007340C /* VKSalesListModel.m in Sources */ = {isa = PBXBuildFile; fileRef = 20BEF9421E73CD530007340C /* VKSalesListModel.m */; };
		20BEF9481E73CD530007340C /* VKSalesModel.m in Sources */ = {isa = PBXBuildFile; fileRef = 20BEF9441E73CD530007340C /* VKSalesModel.m */; };
		20BEF9491E73CD530007340C /* VKSalesTeamModel.m in Sources */ = {isa = PBXBuildFile; fileRef = 20BEF9461E73CD530007340C /* VKSalesTeamModel.m */; };
		6427F1E01F98460800B4DFC1 /* TTDataParserViewController.xib in Resources */ = {isa = PBXBuildFile; fileRef = 6427F1DF1F98460800B4DFC1 /* TTDataParserViewController.xib */; };
		6427F1EA1F984AA500B4DFC1 /* TTContactViewController.m in Sources */ = {isa = PBXBuildFile; fileRef = 6427F1E81F984AA500B4DFC1 /* TTContactViewController.m */; };
		6427F1EB1F984AA500B4DFC1 /* TTContactViewController.xib in Resources */ = {isa = PBXBuildFile; fileRef = 6427F1E91F984AA500B4DFC1 /* TTContactViewController.xib */; };
		6427F2311F984B9E00B4DFC1 /* base64.m in Sources */ = {isa = PBXBuildFile; fileRef = 6427F1F41F984B9E00B4DFC1 /* base64.m */; };
		6427F2321F984B9E00B4DFC1 /* NSArray+Util.m in Sources */ = {isa = PBXBuildFile; fileRef = 6427F1F61F984B9E00B4DFC1 /* NSArray+Util.m */; };
		6427F2331F984B9E00B4DFC1 /* NSDate+Category.m in Sources */ = {isa = PBXBuildFile; fileRef = 6427F1F81F984B9E00B4DFC1 /* NSDate+Category.m */; };
		6427F2341F984B9E00B4DFC1 /* NSDate+Helper.m in Sources */ = {isa = PBXBuildFile; fileRef = 6427F1FA1F984B9E00B4DFC1 /* NSDate+Helper.m */; };
		6427F2351F984B9E00B4DFC1 /* NSDate+SSToolkitAdditions.m in Sources */ = {isa = PBXBuildFile; fileRef = 6427F1FC1F984B9E00B4DFC1 /* NSDate+SSToolkitAdditions.m */; };
		6427F2361F984B9E00B4DFC1 /* NSDate+Util.m in Sources */ = {isa = PBXBuildFile; fileRef = 6427F1FE1F984B9E00B4DFC1 /* NSDate+Util.m */; };
		6427F2371F984B9E00B4DFC1 /* NSDateFormatter+Category.m in Sources */ = {isa = PBXBuildFile; fileRef = 6427F2001F984B9E00B4DFC1 /* NSDateFormatter+Category.m */; };
		6427F2381F984B9E00B4DFC1 /* NSDictionary+Util.m in Sources */ = {isa = PBXBuildFile; fileRef = 6427F2021F984B9E00B4DFC1 /* NSDictionary+Util.m */; };
		6427F2391F984B9E00B4DFC1 /* NSString+ContentSize.m in Sources */ = {isa = PBXBuildFile; fileRef = 6427F2041F984B9E00B4DFC1 /* NSString+ContentSize.m */; };
		6427F23A1F984B9E00B4DFC1 /* NSString+MD5Addition.m in Sources */ = {isa = PBXBuildFile; fileRef = 6427F2061F984B9E00B4DFC1 /* NSString+MD5Addition.m */; };
		6427F23B1F984B9E00B4DFC1 /* NSString+Util.m in Sources */ = {isa = PBXBuildFile; fileRef = 6427F2081F984B9E00B4DFC1 /* NSString+Util.m */; };
		6427F23C1F984B9E00B4DFC1 /* NSArray+Safe.m in Sources */ = {isa = PBXBuildFile; fileRef = 6427F20B1F984B9E00B4DFC1 /* NSArray+Safe.m */; };
		6427F23D1F984B9E00B4DFC1 /* NSDictionary+Safe.m in Sources */ = {isa = PBXBuildFile; fileRef = 6427F20D1F984B9E00B4DFC1 /* NSDictionary+Safe.m */; };
		6427F23E1F984B9E00B4DFC1 /* NSMutableArray+Safe.m in Sources */ = {isa = PBXBuildFile; fileRef = 6427F20F1F984B9E00B4DFC1 /* NSMutableArray+Safe.m */; };
		6427F23F1F984B9E00B4DFC1 /* NSMutableDictionary+Safe.m in Sources */ = {isa = PBXBuildFile; fileRef = 6427F2111F984B9E00B4DFC1 /* NSMutableDictionary+Safe.m */; };
		6427F2401F984B9E00B4DFC1 /* NSMutableString+safe.m in Sources */ = {isa = PBXBuildFile; fileRef = 6427F2131F984B9E00B4DFC1 /* NSMutableString+safe.m */; };
		6427F2411F984B9E00B4DFC1 /* NSObject+Hook.m in Sources */ = {isa = PBXBuildFile; fileRef = 6427F2151F984B9E00B4DFC1 /* NSObject+Hook.m */; };
		6427F2421F984B9E00B4DFC1 /* UIButton+ImageTitleSpacing.m in Sources */ = {isa = PBXBuildFile; fileRef = 6427F2171F984B9E00B4DFC1 /* UIButton+ImageTitleSpacing.m */; };
		6427F2431F984B9E00B4DFC1 /* UIColor+Util.m in Sources */ = {isa = PBXBuildFile; fileRef = 6427F2191F984B9E00B4DFC1 /* UIColor+Util.m */; };
		6427F2441F984B9E00B4DFC1 /* UIDevice+IdentifierAddition.m in Sources */ = {isa = PBXBuildFile; fileRef = 6427F21B1F984B9E00B4DFC1 /* UIDevice+IdentifierAddition.m */; };
		6427F2451F984B9E00B4DFC1 /* UIImage+Additions.m in Sources */ = {isa = PBXBuildFile; fileRef = 6427F21D1F984B9E00B4DFC1 /* UIImage+Additions.m */; };
		6427F2461F984B9E00B4DFC1 /* UIImage+ImageEffects.m in Sources */ = {isa = PBXBuildFile; fileRef = 6427F21F1F984B9E00B4DFC1 /* UIImage+ImageEffects.m */; };
		6427F2471F984B9E00B4DFC1 /* UINavigationBar+Awesome.m in Sources */ = {isa = PBXBuildFile; fileRef = 6427F2211F984B9E00B4DFC1 /* UINavigationBar+Awesome.m */; };
		6427F2481F984B9E00B4DFC1 /* UIView+Awesome.m in Sources */ = {isa = PBXBuildFile; fileRef = 6427F2231F984B9E00B4DFC1 /* UIView+Awesome.m */; };
		6427F2491F984B9E00B4DFC1 /* UIView+ViewExtension.m in Sources */ = {isa = PBXBuildFile; fileRef = 6427F2251F984B9E00B4DFC1 /* UIView+ViewExtension.m */; };
		6427F24A1F984B9E00B4DFC1 /* VKBaseViewController+VKUnitils.m in Sources */ = {isa = PBXBuildFile; fileRef = 6427F2271F984B9E00B4DFC1 /* VKBaseViewController+VKUnitils.m */; };
		6427F24B1F984B9E00B4DFC1 /* VKDateFormatUtil.m in Sources */ = {isa = PBXBuildFile; fileRef = 6427F2291F984B9E00B4DFC1 /* VKDateFormatUtil.m */; };
		6427F24C1F984B9E00B4DFC1 /* NSArray+ ZXPUnicode.m in Sources */ = {isa = PBXBuildFile; fileRef = 6427F22B1F984B9E00B4DFC1 /* NSArray+ ZXPUnicode.m */; };
		6427F24D1F984B9E00B4DFC1 /* NSDictionary+ZXPUnicode.m in Sources */ = {isa = PBXBuildFile; fileRef = 6427F22E1F984B9E00B4DFC1 /* NSDictionary+ZXPUnicode.m */; };
		6427F24E1F984B9E00B4DFC1 /* NSObject+ZXPUnicode.m in Sources */ = {isa = PBXBuildFile; fileRef = 6427F2301F984B9E00B4DFC1 /* NSObject+ZXPUnicode.m */; };
		6427F2601F98533800B4DFC1 /* TTRuntimeViewController.m in Sources */ = {isa = PBXBuildFile; fileRef = 6427F25E1F98533800B4DFC1 /* TTRuntimeViewController.m */; };
		6427F2611F98533800B4DFC1 /* TTRuntimeViewController.xib in Resources */ = {isa = PBXBuildFile; fileRef = 6427F25F1F98533800B4DFC1 /* TTRuntimeViewController.xib */; };
		6427F2651F9853EF00B4DFC1 /* TTTestWebViewController.m in Sources */ = {isa = PBXBuildFile; fileRef = 6427F2631F9853EF00B4DFC1 /* TTTestWebViewController.m */; };
		6427F2661F9853EF00B4DFC1 /* TTTestWebViewController.xib in Resources */ = {isa = PBXBuildFile; fileRef = 6427F2641F9853EF00B4DFC1 /* TTTestWebViewController.xib */; };
		6427F26A1F98547A00B4DFC1 /* TTWebViewBridgeController.m in Sources */ = {isa = PBXBuildFile; fileRef = 6427F2681F98547A00B4DFC1 /* TTWebViewBridgeController.m */; };
		6427F26B1F98547A00B4DFC1 /* TTWebViewBridgeController.xib in Resources */ = {isa = PBXBuildFile; fileRef = 6427F2691F98547A00B4DFC1 /* TTWebViewBridgeController.xib */; };
		6427F26F1F9854CA00B4DFC1 /* TTBaseWebViewController.m in Sources */ = {isa = PBXBuildFile; fileRef = 6427F26D1F9854CA00B4DFC1 /* TTBaseWebViewController.m */; };
		6427F2701F9854CA00B4DFC1 /* TTBaseWebViewController.xib in Resources */ = {isa = PBXBuildFile; fileRef = 6427F26E1F9854CA00B4DFC1 /* TTBaseWebViewController.xib */; };
		6427F2731F98789400B4DFC1 /* TTBaseNavigationController.m in Sources */ = {isa = PBXBuildFile; fileRef = 6427F2721F98789400B4DFC1 /* TTBaseNavigationController.m */; };
		A6BB117AA229453CC6AB1B6C /* libPods-TTProject.a in Frameworks */ = {isa = PBXBuildFile; fileRef = D07EC067BF1B97EB80388711 /* libPods-TTProject.a */; };
/* End PBXBuildFile section */

/* Begin PBXFileReference section */
		201FBF701D9269CE00A4D5E4 /* TTNativeBetweenJSInterface.h */ = {isa = PBXFileReference; fileEncoding = 4; lastKnownFileType = sourcecode.c.h; path = TTNativeBetweenJSInterface.h; sourceTree = "<group>"; };
		201FBF711D9269CE00A4D5E4 /* TTNativeBetweenJSInterface.m */ = {isa = PBXFileReference; fileEncoding = 4; lastKnownFileType = sourcecode.c.objc; path = TTNativeBetweenJSInterface.m; sourceTree = "<group>"; };
		201FBF821D928D2C00A4D5E4 /* H5Resource */ = {isa = PBXFileReference; lastKnownFileType = folder; path = H5Resource; sourceTree = "<group>"; };
		201FBF841D928F9D00A4D5E4 /* TTNativeBetweenJSInterfaceMocras.h */ = {isa = PBXFileReference; lastKnownFileType = sourcecode.c.h; path = TTNativeBetweenJSInterfaceMocras.h; sourceTree = "<group>"; };
		203205B01D91219D007EB4C8 /* index.html */ = {isa = PBXFileReference; fileEncoding = 4; lastKnownFileType = text.html; path = index.html; sourceTree = "<group>"; };
		2050E4F81DB0BBA70027C22E /* CoreDebug.h */ = {isa = PBXFileReference; fileEncoding = 4; lastKnownFileType = sourcecode.c.h; path = CoreDebug.h; sourceTree = "<group>"; };
		2050E4F91DB0BBA70027C22E /* TTLogger.h */ = {isa = PBXFileReference; fileEncoding = 4; lastKnownFileType = sourcecode.c.h; path = TTLogger.h; sourceTree = "<group>"; };
		2050E4FA1DB0BBA70027C22E /* TTLogger.m */ = {isa = PBXFileReference; fileEncoding = 4; lastKnownFileType = sourcecode.c.objc; path = TTLogger.m; sourceTree = "<group>"; };
		2062D7621D4843B800B7BF5D /* TTProject.app */ = {isa = PBXFileReference; explicitFileType = wrapper.application; includeInIndex = 0; path = TTProject.app; sourceTree = BUILT_PRODUCTS_DIR; };
		2062D7661D4843B800B7BF5D /* main.m */ = {isa = PBXFileReference; lastKnownFileType = sourcecode.c.objc; path = main.m; sourceTree = "<group>"; };
		2062D7681D4843B800B7BF5D /* AppDelegate.h */ = {isa = PBXFileReference; lastKnownFileType = sourcecode.c.h; path = AppDelegate.h; sourceTree = "<group>"; };
		2062D7691D4843B800B7BF5D /* AppDelegate.m */ = {isa = PBXFileReference; lastKnownFileType = sourcecode.c.objc; path = AppDelegate.m; sourceTree = "<group>"; };
		2062D76B1D4843B800B7BF5D /* ViewController.h */ = {isa = PBXFileReference; lastKnownFileType = sourcecode.c.h; path = ViewController.h; sourceTree = "<group>"; };
		2062D76C1D4843B800B7BF5D /* ViewController.m */ = {isa = PBXFileReference; lastKnownFileType = sourcecode.c.objc; path = ViewController.m; sourceTree = "<group>"; };
		2062D76F1D4843B800B7BF5D /* Base */ = {isa = PBXFileReference; lastKnownFileType = file.storyboard; name = Base; path = Base.lproj/Main.storyboard; sourceTree = "<group>"; };
		2062D7711D4843B800B7BF5D /* Assets.xcassets */ = {isa = PBXFileReference; lastKnownFileType = folder.assetcatalog; path = Assets.xcassets; sourceTree = "<group>"; };
		2062D7741D4843B800B7BF5D /* Base */ = {isa = PBXFileReference; lastKnownFileType = file.storyboard; name = Base; path = Base.lproj/LaunchScreen.storyboard; sourceTree = "<group>"; };
		2062D7761D4843B800B7BF5D /* Info.plist */ = {isa = PBXFileReference; lastKnownFileType = text.plist.xml; path = Info.plist; sourceTree = "<group>"; };
		2086A43D1D73D28500454087 /* TTBaseViewController.h */ = {isa = PBXFileReference; fileEncoding = 4; lastKnownFileType = sourcecode.c.h; path = TTBaseViewController.h; sourceTree = "<group>"; };
		2086A43E1D73D28500454087 /* TTBaseViewController.m */ = {isa = PBXFileReference; fileEncoding = 4; lastKnownFileType = sourcecode.c.objc; path = TTBaseViewController.m; sourceTree = "<group>"; };
		2086F6C01D74855D00BB6559 /* TTProject.pch */ = {isa = PBXFileReference; lastKnownFileType = sourcecode.c.h; path = TTProject.pch; sourceTree = "<group>"; };
		2086F6C31D748A4700BB6559 /* TTMsgSend.h */ = {isa = PBXFileReference; fileEncoding = 4; lastKnownFileType = sourcecode.c.h; path = TTMsgSend.h; sourceTree = "<group>"; };
		2086F6C41D748A4700BB6559 /* TTMsgSend.m */ = {isa = PBXFileReference; fileEncoding = 4; lastKnownFileType = sourcecode.c.objc; path = TTMsgSend.m; sourceTree = "<group>"; };
		2086F6C51D748A4700BB6559 /* TTPerson.h */ = {isa = PBXFileReference; fileEncoding = 4; lastKnownFileType = sourcecode.c.h; path = TTPerson.h; sourceTree = "<group>"; };
		2086F6C61D748A4700BB6559 /* TTPerson.m */ = {isa = PBXFileReference; fileEncoding = 4; lastKnownFileType = sourcecode.c.objc; path = TTPerson.m; sourceTree = "<group>"; };
		2086F6C91D748A4700BB6559 /* UILabel+UILabel_Font.h */ = {isa = PBXFileReference; fileEncoding = 4; lastKnownFileType = sourcecode.c.h; path = "UILabel+UILabel_Font.h"; sourceTree = "<group>"; };
		2086F6CA1D748A4700BB6559 /* UILabel+UILabel_Font.m */ = {isa = PBXFileReference; fileEncoding = 4; lastKnownFileType = sourcecode.c.objc; path = "UILabel+UILabel_Font.m"; sourceTree = "<group>"; };
		20B913DB1D936A5D00FB5EC8 /* TTPersonModel.h */ = {isa = PBXFileReference; fileEncoding = 4; lastKnownFileType = sourcecode.c.h; path = TTPersonModel.h; sourceTree = "<group>"; };
		20B913DC1D936A5D00FB5EC8 /* TTPersonModel.m */ = {isa = PBXFileReference; fileEncoding = 4; lastKnownFileType = sourcecode.c.objc; path = TTPersonModel.m; sourceTree = "<group>"; };
		20B913DE1D936C6100FB5EC8 /* TTDataParserViewController.h */ = {isa = PBXFileReference; fileEncoding = 4; lastKnownFileType = sourcecode.c.h; path = TTDataParserViewController.h; sourceTree = "<group>"; };
		20B913DF1D936C6100FB5EC8 /* TTDataParserViewController.m */ = {isa = PBXFileReference; fileEncoding = 4; lastKnownFileType = sourcecode.c.objc; path = TTDataParserViewController.m; sourceTree = "<group>"; };
		20B913E41D93825C00FB5EC8 /* TTUser.h */ = {isa = PBXFileReference; fileEncoding = 4; lastKnownFileType = sourcecode.c.h; path = TTUser.h; sourceTree = "<group>"; };
		20B913E51D93825C00FB5EC8 /* TTUser.m */ = {isa = PBXFileReference; fileEncoding = 4; lastKnownFileType = sourcecode.c.objc; path = TTUser.m; sourceTree = "<group>"; };
		20B913EE1D9388C800FB5EC8 /* TTNewsModel.h */ = {isa = PBXFileReference; fileEncoding = 4; lastKnownFileType = sourcecode.c.h; path = TTNewsModel.h; sourceTree = "<group>"; };
		20B913EF1D9388C800FB5EC8 /* TTNewsModel.m */ = {isa = PBXFileReference; fileEncoding = 4; lastKnownFileType = sourcecode.c.objc; path = TTNewsModel.m; sourceTree = "<group>"; };
		20B913F21D9389D300FB5EC8 /* TTHouseNewsModel.h */ = {isa = PBXFileReference; fileEncoding = 4; lastKnownFileType = sourcecode.c.h; path = TTHouseNewsModel.h; sourceTree = "<group>"; };
		20B913F31D9389D300FB5EC8 /* TTHouseNewsModel.m */ = {isa = PBXFileReference; fileEncoding = 4; lastKnownFileType = sourcecode.c.objc; path = TTHouseNewsModel.m; sourceTree = "<group>"; };
		20B913F61D93A66F00FB5EC8 /* TTStatusResults.h */ = {isa = PBXFileReference; fileEncoding = 4; lastKnownFileType = sourcecode.c.h; path = TTStatusResults.h; sourceTree = "<group>"; };
		20B913F71D93A66F00FB5EC8 /* TTStatusResults.m */ = {isa = PBXFileReference; fileEncoding = 4; lastKnownFileType = sourcecode.c.objc; path = TTStatusResults.m; sourceTree = "<group>"; };
		20B913F91D93A9C300FB5EC8 /* TTAd.h */ = {isa = PBXFileReference; fileEncoding = 4; lastKnownFileType = sourcecode.c.h; path = TTAd.h; sourceTree = "<group>"; };
		20B913FA1D93A9C300FB5EC8 /* TTAd.m */ = {isa = PBXFileReference; fileEncoding = 4; lastKnownFileType = sourcecode.c.objc; path = TTAd.m; sourceTree = "<group>"; };
		20B913FC1D93AA5F00FB5EC8 /* TTStatus.h */ = {isa = PBXFileReference; fileEncoding = 4; lastKnownFileType = sourcecode.c.h; path = TTStatus.h; sourceTree = "<group>"; };
		20B913FD1D93AA5F00FB5EC8 /* TTStatus.m */ = {isa = PBXFileReference; fileEncoding = 4; lastKnownFileType = sourcecode.c.objc; path = TTStatus.m; sourceTree = "<group>"; };
		20B913FF1D93B80500FB5EC8 /* TTBag.h */ = {isa = PBXFileReference; fileEncoding = 4; lastKnownFileType = sourcecode.c.h; path = TTBag.h; sourceTree = "<group>"; };
		20B914001D93B80500FB5EC8 /* TTBag.m */ = {isa = PBXFileReference; fileEncoding = 4; lastKnownFileType = sourcecode.c.objc; path = TTBag.m; sourceTree = "<group>"; };
		20B914021D93B89200FB5EC8 /* TTStudent.h */ = {isa = PBXFileReference; fileEncoding = 4; lastKnownFileType = sourcecode.c.h; path = TTStudent.h; sourceTree = "<group>"; };
		20B914031D93B89200FB5EC8 /* TTStudent.m */ = {isa = PBXFileReference; fileEncoding = 4; lastKnownFileType = sourcecode.c.objc; path = TTStudent.m; sourceTree = "<group>"; };
		20BEF9411E73CD530007340C /* VKSalesListModel.h */ = {isa = PBXFileReference; fileEncoding = 4; lastKnownFileType = sourcecode.c.h; path = VKSalesListModel.h; sourceTree = "<group>"; };
		20BEF9421E73CD530007340C /* VKSalesListModel.m */ = {isa = PBXFileReference; fileEncoding = 4; lastKnownFileType = sourcecode.c.objc; path = VKSalesListModel.m; sourceTree = "<group>"; };
		20BEF9431E73CD530007340C /* VKSalesModel.h */ = {isa = PBXFileReference; fileEncoding = 4; lastKnownFileType = sourcecode.c.h; path = VKSalesModel.h; sourceTree = "<group>"; };
		20BEF9441E73CD530007340C /* VKSalesModel.m */ = {isa = PBXFileReference; fileEncoding = 4; lastKnownFileType = sourcecode.c.objc; path = VKSalesModel.m; sourceTree = "<group>"; };
		20BEF9451E73CD530007340C /* VKSalesTeamModel.h */ = {isa = PBXFileReference; fileEncoding = 4; lastKnownFileType = sourcecode.c.h; path = VKSalesTeamModel.h; sourceTree = "<group>"; };
		20BEF9461E73CD530007340C /* VKSalesTeamModel.m */ = {isa = PBXFileReference; fileEncoding = 4; lastKnownFileType = sourcecode.c.objc; path = VKSalesTeamModel.m; sourceTree = "<group>"; };
		4EED591E5B96D7ACB45648E9 /* Pods-TTProject.release.xcconfig */ = {isa = PBXFileReference; includeInIndex = 1; lastKnownFileType = text.xcconfig; name = "Pods-TTProject.release.xcconfig"; path = "Pods/Target Support Files/Pods-TTProject/Pods-TTProject.release.xcconfig"; sourceTree = "<group>"; };
		6427F1DF1F98460800B4DFC1 /* TTDataParserViewController.xib */ = {isa = PBXFileReference; lastKnownFileType = file.xib; path = TTDataParserViewController.xib; sourceTree = "<group>"; };
		6427F1E71F984AA500B4DFC1 /* TTContactViewController.h */ = {isa = PBXFileReference; lastKnownFileType = sourcecode.c.h; path = TTContactViewController.h; sourceTree = "<group>"; };
		6427F1E81F984AA500B4DFC1 /* TTContactViewController.m */ = {isa = PBXFileReference; lastKnownFileType = sourcecode.c.objc; path = TTContactViewController.m; sourceTree = "<group>"; };
		6427F1E91F984AA500B4DFC1 /* TTContactViewController.xib */ = {isa = PBXFileReference; lastKnownFileType = file.xib; path = TTContactViewController.xib; sourceTree = "<group>"; };
		6427F1F31F984B9E00B4DFC1 /* base64.h */ = {isa = PBXFileReference; fileEncoding = 4; lastKnownFileType = sourcecode.c.h; path = base64.h; sourceTree = "<group>"; };
		6427F1F41F984B9E00B4DFC1 /* base64.m */ = {isa = PBXFileReference; fileEncoding = 4; lastKnownFileType = sourcecode.c.objc; path = base64.m; sourceTree = "<group>"; };
		6427F1F51F984B9E00B4DFC1 /* NSArray+Util.h */ = {isa = PBXFileReference; fileEncoding = 4; lastKnownFileType = sourcecode.c.h; path = "NSArray+Util.h"; sourceTree = "<group>"; };
		6427F1F61F984B9E00B4DFC1 /* NSArray+Util.m */ = {isa = PBXFileReference; fileEncoding = 4; lastKnownFileType = sourcecode.c.objc; path = "NSArray+Util.m"; sourceTree = "<group>"; };
		6427F1F71F984B9E00B4DFC1 /* NSDate+Category.h */ = {isa = PBXFileReference; fileEncoding = 4; lastKnownFileType = sourcecode.c.h; path = "NSDate+Category.h"; sourceTree = "<group>"; };
		6427F1F81F984B9E00B4DFC1 /* NSDate+Category.m */ = {isa = PBXFileReference; fileEncoding = 4; lastKnownFileType = sourcecode.c.objc; path = "NSDate+Category.m"; sourceTree = "<group>"; };
		6427F1F91F984B9E00B4DFC1 /* NSDate+Helper.h */ = {isa = PBXFileReference; fileEncoding = 4; lastKnownFileType = sourcecode.c.h; path = "NSDate+Helper.h"; sourceTree = "<group>"; };
		6427F1FA1F984B9E00B4DFC1 /* NSDate+Helper.m */ = {isa = PBXFileReference; fileEncoding = 4; lastKnownFileType = sourcecode.c.objc; path = "NSDate+Helper.m"; sourceTree = "<group>"; };
		6427F1FB1F984B9E00B4DFC1 /* NSDate+SSToolkitAdditions.h */ = {isa = PBXFileReference; fileEncoding = 4; lastKnownFileType = sourcecode.c.h; path = "NSDate+SSToolkitAdditions.h"; sourceTree = "<group>"; };
		6427F1FC1F984B9E00B4DFC1 /* NSDate+SSToolkitAdditions.m */ = {isa = PBXFileReference; fileEncoding = 4; lastKnownFileType = sourcecode.c.objc; path = "NSDate+SSToolkitAdditions.m"; sourceTree = "<group>"; };
		6427F1FD1F984B9E00B4DFC1 /* NSDate+Util.h */ = {isa = PBXFileReference; fileEncoding = 4; lastKnownFileType = sourcecode.c.h; path = "NSDate+Util.h"; sourceTree = "<group>"; };
		6427F1FE1F984B9E00B4DFC1 /* NSDate+Util.m */ = {isa = PBXFileReference; fileEncoding = 4; lastKnownFileType = sourcecode.c.objc; path = "NSDate+Util.m"; sourceTree = "<group>"; };
		6427F1FF1F984B9E00B4DFC1 /* NSDateFormatter+Category.h */ = {isa = PBXFileReference; fileEncoding = 4; lastKnownFileType = sourcecode.c.h; path = "NSDateFormatter+Category.h"; sourceTree = "<group>"; };
		6427F2001F984B9E00B4DFC1 /* NSDateFormatter+Category.m */ = {isa = PBXFileReference; fileEncoding = 4; lastKnownFileType = sourcecode.c.objc; path = "NSDateFormatter+Category.m"; sourceTree = "<group>"; };
		6427F2011F984B9E00B4DFC1 /* NSDictionary+Util.h */ = {isa = PBXFileReference; fileEncoding = 4; lastKnownFileType = sourcecode.c.h; path = "NSDictionary+Util.h"; sourceTree = "<group>"; };
		6427F2021F984B9E00B4DFC1 /* NSDictionary+Util.m */ = {isa = PBXFileReference; fileEncoding = 4; lastKnownFileType = sourcecode.c.objc; path = "NSDictionary+Util.m"; sourceTree = "<group>"; };
		6427F2031F984B9E00B4DFC1 /* NSString+ContentSize.h */ = {isa = PBXFileReference; fileEncoding = 4; lastKnownFileType = sourcecode.c.h; path = "NSString+ContentSize.h"; sourceTree = "<group>"; };
		6427F2041F984B9E00B4DFC1 /* NSString+ContentSize.m */ = {isa = PBXFileReference; fileEncoding = 4; lastKnownFileType = sourcecode.c.objc; path = "NSString+ContentSize.m"; sourceTree = "<group>"; };
		6427F2051F984B9E00B4DFC1 /* NSString+MD5Addition.h */ = {isa = PBXFileReference; fileEncoding = 4; lastKnownFileType = sourcecode.c.h; path = "NSString+MD5Addition.h"; sourceTree = "<group>"; };
		6427F2061F984B9E00B4DFC1 /* NSString+MD5Addition.m */ = {isa = PBXFileReference; fileEncoding = 4; lastKnownFileType = sourcecode.c.objc; path = "NSString+MD5Addition.m"; sourceTree = "<group>"; };
		6427F2071F984B9E00B4DFC1 /* NSString+Util.h */ = {isa = PBXFileReference; fileEncoding = 4; lastKnownFileType = sourcecode.c.h; path = "NSString+Util.h"; sourceTree = "<group>"; };
		6427F2081F984B9E00B4DFC1 /* NSString+Util.m */ = {isa = PBXFileReference; fileEncoding = 4; lastKnownFileType = sourcecode.c.objc; path = "NSString+Util.m"; sourceTree = "<group>"; };
		6427F20A1F984B9E00B4DFC1 /* NSArray+Safe.h */ = {isa = PBXFileReference; fileEncoding = 4; lastKnownFileType = sourcecode.c.h; path = "NSArray+Safe.h"; sourceTree = "<group>"; };
		6427F20B1F984B9E00B4DFC1 /* NSArray+Safe.m */ = {isa = PBXFileReference; fileEncoding = 4; lastKnownFileType = sourcecode.c.objc; path = "NSArray+Safe.m"; sourceTree = "<group>"; };
		6427F20C1F984B9E00B4DFC1 /* NSDictionary+Safe.h */ = {isa = PBXFileReference; fileEncoding = 4; lastKnownFileType = sourcecode.c.h; path = "NSDictionary+Safe.h"; sourceTree = "<group>"; };
		6427F20D1F984B9E00B4DFC1 /* NSDictionary+Safe.m */ = {isa = PBXFileReference; fileEncoding = 4; lastKnownFileType = sourcecode.c.objc; path = "NSDictionary+Safe.m"; sourceTree = "<group>"; };
		6427F20E1F984B9E00B4DFC1 /* NSMutableArray+Safe.h */ = {isa = PBXFileReference; fileEncoding = 4; lastKnownFileType = sourcecode.c.h; path = "NSMutableArray+Safe.h"; sourceTree = "<group>"; };
		6427F20F1F984B9E00B4DFC1 /* NSMutableArray+Safe.m */ = {isa = PBXFileReference; fileEncoding = 4; lastKnownFileType = sourcecode.c.objc; path = "NSMutableArray+Safe.m"; sourceTree = "<group>"; };
		6427F2101F984B9E00B4DFC1 /* NSMutableDictionary+Safe.h */ = {isa = PBXFileReference; fileEncoding = 4; lastKnownFileType = sourcecode.c.h; path = "NSMutableDictionary+Safe.h"; sourceTree = "<group>"; };
		6427F2111F984B9E00B4DFC1 /* NSMutableDictionary+Safe.m */ = {isa = PBXFileReference; fileEncoding = 4; lastKnownFileType = sourcecode.c.objc; path = "NSMutableDictionary+Safe.m"; sourceTree = "<group>"; };
		6427F2121F984B9E00B4DFC1 /* NSMutableString+safe.h */ = {isa = PBXFileReference; fileEncoding = 4; lastKnownFileType = sourcecode.c.h; path = "NSMutableString+safe.h"; sourceTree = "<group>"; };
		6427F2131F984B9E00B4DFC1 /* NSMutableString+safe.m */ = {isa = PBXFileReference; fileEncoding = 4; lastKnownFileType = sourcecode.c.objc; path = "NSMutableString+safe.m"; sourceTree = "<group>"; };
		6427F2141F984B9E00B4DFC1 /* NSObject+Hook.h */ = {isa = PBXFileReference; fileEncoding = 4; lastKnownFileType = sourcecode.c.h; path = "NSObject+Hook.h"; sourceTree = "<group>"; };
		6427F2151F984B9E00B4DFC1 /* NSObject+Hook.m */ = {isa = PBXFileReference; fileEncoding = 4; lastKnownFileType = sourcecode.c.objc; path = "NSObject+Hook.m"; sourceTree = "<group>"; };
		6427F2161F984B9E00B4DFC1 /* UIButton+ImageTitleSpacing.h */ = {isa = PBXFileReference; fileEncoding = 4; lastKnownFileType = sourcecode.c.h; path = "UIButton+ImageTitleSpacing.h"; sourceTree = "<group>"; };
		6427F2171F984B9E00B4DFC1 /* UIButton+ImageTitleSpacing.m */ = {isa = PBXFileReference; fileEncoding = 4; lastKnownFileType = sourcecode.c.objc; path = "UIButton+ImageTitleSpacing.m"; sourceTree = "<group>"; };
		6427F2181F984B9E00B4DFC1 /* UIColor+Util.h */ = {isa = PBXFileReference; fileEncoding = 4; lastKnownFileType = sourcecode.c.h; path = "UIColor+Util.h"; sourceTree = "<group>"; };
		6427F2191F984B9E00B4DFC1 /* UIColor+Util.m */ = {isa = PBXFileReference; fileEncoding = 4; lastKnownFileType = sourcecode.c.objc; path = "UIColor+Util.m"; sourceTree = "<group>"; };
		6427F21A1F984B9E00B4DFC1 /* UIDevice+IdentifierAddition.h */ = {isa = PBXFileReference; fileEncoding = 4; lastKnownFileType = sourcecode.c.h; path = "UIDevice+IdentifierAddition.h"; sourceTree = "<group>"; };
		6427F21B1F984B9E00B4DFC1 /* UIDevice+IdentifierAddition.m */ = {isa = PBXFileReference; fileEncoding = 4; lastKnownFileType = sourcecode.c.objc; path = "UIDevice+IdentifierAddition.m"; sourceTree = "<group>"; };
		6427F21C1F984B9E00B4DFC1 /* UIImage+Additions.h */ = {isa = PBXFileReference; fileEncoding = 4; lastKnownFileType = sourcecode.c.h; path = "UIImage+Additions.h"; sourceTree = "<group>"; };
		6427F21D1F984B9E00B4DFC1 /* UIImage+Additions.m */ = {isa = PBXFileReference; fileEncoding = 4; lastKnownFileType = sourcecode.c.objc; path = "UIImage+Additions.m"; sourceTree = "<group>"; };
		6427F21E1F984B9E00B4DFC1 /* UIImage+ImageEffects.h */ = {isa = PBXFileReference; fileEncoding = 4; lastKnownFileType = sourcecode.c.h; path = "UIImage+ImageEffects.h"; sourceTree = "<group>"; };
		6427F21F1F984B9E00B4DFC1 /* UIImage+ImageEffects.m */ = {isa = PBXFileReference; fileEncoding = 4; lastKnownFileType = sourcecode.c.objc; path = "UIImage+ImageEffects.m"; sourceTree = "<group>"; };
		6427F2201F984B9E00B4DFC1 /* UINavigationBar+Awesome.h */ = {isa = PBXFileReference; fileEncoding = 4; lastKnownFileType = sourcecode.c.h; path = "UINavigationBar+Awesome.h"; sourceTree = "<group>"; };
		6427F2211F984B9E00B4DFC1 /* UINavigationBar+Awesome.m */ = {isa = PBXFileReference; fileEncoding = 4; lastKnownFileType = sourcecode.c.objc; path = "UINavigationBar+Awesome.m"; sourceTree = "<group>"; };
		6427F2221F984B9E00B4DFC1 /* UIView+Awesome.h */ = {isa = PBXFileReference; fileEncoding = 4; lastKnownFileType = sourcecode.c.h; path = "UIView+Awesome.h"; sourceTree = "<group>"; };
		6427F2231F984B9E00B4DFC1 /* UIView+Awesome.m */ = {isa = PBXFileReference; fileEncoding = 4; lastKnownFileType = sourcecode.c.objc; path = "UIView+Awesome.m"; sourceTree = "<group>"; };
		6427F2241F984B9E00B4DFC1 /* UIView+ViewExtension.h */ = {isa = PBXFileReference; fileEncoding = 4; lastKnownFileType = sourcecode.c.h; path = "UIView+ViewExtension.h"; sourceTree = "<group>"; };
		6427F2251F984B9E00B4DFC1 /* UIView+ViewExtension.m */ = {isa = PBXFileReference; fileEncoding = 4; lastKnownFileType = sourcecode.c.objc; path = "UIView+ViewExtension.m"; sourceTree = "<group>"; };
		6427F2261F984B9E00B4DFC1 /* VKBaseViewController+VKUnitils.h */ = {isa = PBXFileReference; fileEncoding = 4; lastKnownFileType = sourcecode.c.h; path = "VKBaseViewController+VKUnitils.h"; sourceTree = "<group>"; };
		6427F2271F984B9E00B4DFC1 /* VKBaseViewController+VKUnitils.m */ = {isa = PBXFileReference; fileEncoding = 4; lastKnownFileType = sourcecode.c.objc; path = "VKBaseViewController+VKUnitils.m"; sourceTree = "<group>"; };
		6427F2281F984B9E00B4DFC1 /* VKDateFormatUtil.h */ = {isa = PBXFileReference; fileEncoding = 4; lastKnownFileType = sourcecode.c.h; path = VKDateFormatUtil.h; sourceTree = "<group>"; };
		6427F2291F984B9E00B4DFC1 /* VKDateFormatUtil.m */ = {isa = PBXFileReference; fileEncoding = 4; lastKnownFileType = sourcecode.c.objc; path = VKDateFormatUtil.m; sourceTree = "<group>"; };
		6427F22B1F984B9E00B4DFC1 /* NSArray+ ZXPUnicode.m */ = {isa = PBXFileReference; fileEncoding = 4; lastKnownFileType = sourcecode.c.objc; path = "NSArray+ ZXPUnicode.m"; sourceTree = "<group>"; };
		6427F22C1F984B9E00B4DFC1 /* NSArray+ZXPUnicode.h */ = {isa = PBXFileReference; fileEncoding = 4; lastKnownFileType = sourcecode.c.h; path = "NSArray+ZXPUnicode.h"; sourceTree = "<group>"; };
		6427F22D1F984B9E00B4DFC1 /* NSDictionary+ZXPUnicode.h */ = {isa = PBXFileReference; fileEncoding = 4; lastKnownFileType = sourcecode.c.h; path = "NSDictionary+ZXPUnicode.h"; sourceTree = "<group>"; };
		6427F22E1F984B9E00B4DFC1 /* NSDictionary+ZXPUnicode.m */ = {isa = PBXFileReference; fileEncoding = 4; lastKnownFileType = sourcecode.c.objc; path = "NSDictionary+ZXPUnicode.m"; sourceTree = "<group>"; };
		6427F22F1F984B9E00B4DFC1 /* NSObject+ZXPUnicode.h */ = {isa = PBXFileReference; fileEncoding = 4; lastKnownFileType = sourcecode.c.h; path = "NSObject+ZXPUnicode.h"; sourceTree = "<group>"; };
		6427F2301F984B9E00B4DFC1 /* NSObject+ZXPUnicode.m */ = {isa = PBXFileReference; fileEncoding = 4; lastKnownFileType = sourcecode.c.objc; path = "NSObject+ZXPUnicode.m"; sourceTree = "<group>"; };
		6427F24F1F984D6200B4DFC1 /* VKUtilsDefineHeader.h */ = {isa = PBXFileReference; fileEncoding = 4; lastKnownFileType = sourcecode.c.h; path = VKUtilsDefineHeader.h; sourceTree = "<group>"; };
		6427F2501F984D6200B4DFC1 /* VKThemeHeader.h */ = {isa = PBXFileReference; fileEncoding = 4; lastKnownFileType = sourcecode.c.h; path = VKThemeHeader.h; sourceTree = "<group>"; };
		6427F25D1F98533800B4DFC1 /* TTRuntimeViewController.h */ = {isa = PBXFileReference; lastKnownFileType = sourcecode.c.h; path = TTRuntimeViewController.h; sourceTree = "<group>"; };
		6427F25E1F98533800B4DFC1 /* TTRuntimeViewController.m */ = {isa = PBXFileReference; lastKnownFileType = sourcecode.c.objc; path = TTRuntimeViewController.m; sourceTree = "<group>"; };
		6427F25F1F98533800B4DFC1 /* TTRuntimeViewController.xib */ = {isa = PBXFileReference; lastKnownFileType = file.xib; path = TTRuntimeViewController.xib; sourceTree = "<group>"; };
		6427F2621F9853EF00B4DFC1 /* TTTestWebViewController.h */ = {isa = PBXFileReference; lastKnownFileType = sourcecode.c.h; path = TTTestWebViewController.h; sourceTree = "<group>"; };
		6427F2631F9853EF00B4DFC1 /* TTTestWebViewController.m */ = {isa = PBXFileReference; lastKnownFileType = sourcecode.c.objc; path = TTTestWebViewController.m; sourceTree = "<group>"; };
		6427F2641F9853EF00B4DFC1 /* TTTestWebViewController.xib */ = {isa = PBXFileReference; lastKnownFileType = file.xib; path = TTTestWebViewController.xib; sourceTree = "<group>"; };
		6427F2671F98547A00B4DFC1 /* TTWebViewBridgeController.h */ = {isa = PBXFileReference; lastKnownFileType = sourcecode.c.h; path = TTWebViewBridgeController.h; sourceTree = "<group>"; };
		6427F2681F98547A00B4DFC1 /* TTWebViewBridgeController.m */ = {isa = PBXFileReference; lastKnownFileType = sourcecode.c.objc; path = TTWebViewBridgeController.m; sourceTree = "<group>"; };
		6427F2691F98547A00B4DFC1 /* TTWebViewBridgeController.xib */ = {isa = PBXFileReference; lastKnownFileType = file.xib; path = TTWebViewBridgeController.xib; sourceTree = "<group>"; };
		6427F26C1F9854CA00B4DFC1 /* TTBaseWebViewController.h */ = {isa = PBXFileReference; lastKnownFileType = sourcecode.c.h; path = TTBaseWebViewController.h; sourceTree = "<group>"; };
		6427F26D1F9854CA00B4DFC1 /* TTBaseWebViewController.m */ = {isa = PBXFileReference; lastKnownFileType = sourcecode.c.objc; path = TTBaseWebViewController.m; sourceTree = "<group>"; };
		6427F26E1F9854CA00B4DFC1 /* TTBaseWebViewController.xib */ = {isa = PBXFileReference; lastKnownFileType = file.xib; path = TTBaseWebViewController.xib; sourceTree = "<group>"; };
		6427F2711F98789400B4DFC1 /* TTBaseNavigationController.h */ = {isa = PBXFileReference; lastKnownFileType = sourcecode.c.h; path = TTBaseNavigationController.h; sourceTree = "<group>"; };
		6427F2721F98789400B4DFC1 /* TTBaseNavigationController.m */ = {isa = PBXFileReference; lastKnownFileType = sourcecode.c.objc; path = TTBaseNavigationController.m; sourceTree = "<group>"; };
		64A6C7B51F9458BD0063008F /* dist */ = {isa = PBXFileReference; lastKnownFileType = folder; path = dist; sourceTree = "<group>"; };
		B51A67409D0AE6984AABE518 /* Pods-TTProject.debug.xcconfig */ = {isa = PBXFileReference; includeInIndex = 1; lastKnownFileType = text.xcconfig; name = "Pods-TTProject.debug.xcconfig"; path = "Pods/Target Support Files/Pods-TTProject/Pods-TTProject.debug.xcconfig"; sourceTree = "<group>"; };
		D07EC067BF1B97EB80388711 /* libPods-TTProject.a */ = {isa = PBXFileReference; explicitFileType = archive.ar; includeInIndex = 0; path = "libPods-TTProject.a"; sourceTree = BUILT_PRODUCTS_DIR; };
/* End PBXFileReference section */

/* Begin PBXFrameworksBuildPhase section */
		2062D75F1D4843B800B7BF5D /* Frameworks */ = {
			isa = PBXFrameworksBuildPhase;
			buildActionMask = 2147483647;
			files = (
				A6BB117AA229453CC6AB1B6C /* libPods-TTProject.a in Frameworks */,
			);
			runOnlyForDeploymentPostprocessing = 0;
		};
/* End PBXFrameworksBuildPhase section */

/* Begin PBXGroup section */
		201FBF6F1D9268C100A4D5E4 /* WebViewJavaScriptBridge */ = {
			isa = PBXGroup;
			children = (
				6427F2671F98547A00B4DFC1 /* TTWebViewBridgeController.h */,
				6427F2681F98547A00B4DFC1 /* TTWebViewBridgeController.m */,
				6427F2691F98547A00B4DFC1 /* TTWebViewBridgeController.xib */,
				203205B01D91219D007EB4C8 /* index.html */,
			);
			name = WebViewJavaScriptBridge;
			sourceTree = "<group>";
		};
		201FBF731D926B3A00A4D5E4 /* JavaScriptCore */ = {
			isa = PBXGroup;
			children = (
				201FBF841D928F9D00A4D5E4 /* TTNativeBetweenJSInterfaceMocras.h */,
				201FBF701D9269CE00A4D5E4 /* TTNativeBetweenJSInterface.h */,
				201FBF711D9269CE00A4D5E4 /* TTNativeBetweenJSInterface.m */,
				6427F26C1F9854CA00B4DFC1 /* TTBaseWebViewController.h */,
				6427F26D1F9854CA00B4DFC1 /* TTBaseWebViewController.m */,
				6427F26E1F9854CA00B4DFC1 /* TTBaseWebViewController.xib */,
			);
			name = JavaScriptCore;
			sourceTree = "<group>";
		};
		201FBF771D928AC000A4D5E4 /* Resource */ = {
			isa = PBXGroup;
			children = (
				64A6C7B51F9458BD0063008F /* dist */,
				201FBF821D928D2C00A4D5E4 /* H5Resource */,
			);
			path = Resource;
			sourceTree = "<group>";
		};
		203205A91D911565007EB4C8 /* TTHybird(H5和Native通讯) */ = {
			isa = PBXGroup;
			children = (
				6427F2621F9853EF00B4DFC1 /* TTTestWebViewController.h */,
				6427F2631F9853EF00B4DFC1 /* TTTestWebViewController.m */,
				6427F2641F9853EF00B4DFC1 /* TTTestWebViewController.xib */,
				201FBF6F1D9268C100A4D5E4 /* WebViewJavaScriptBridge */,
				201FBF731D926B3A00A4D5E4 /* JavaScriptCore */,
			);
			path = "TTHybird(H5和Native通讯)";
			sourceTree = "<group>";
		};
		20430AA21D5611CC001CB6C0 /* Runtime(运行时) */ = {
			isa = PBXGroup;
			children = (
				6427F25D1F98533800B4DFC1 /* TTRuntimeViewController.h */,
				6427F25E1F98533800B4DFC1 /* TTRuntimeViewController.m */,
				6427F25F1F98533800B4DFC1 /* TTRuntimeViewController.xib */,
				2086F6C31D748A4700BB6559 /* TTMsgSend.h */,
				2086F6C41D748A4700BB6559 /* TTMsgSend.m */,
				2086F6C51D748A4700BB6559 /* TTPerson.h */,
				2086F6C61D748A4700BB6559 /* TTPerson.m */,
				2086F6C91D748A4700BB6559 /* UILabel+UILabel_Font.h */,
				2086F6CA1D748A4700BB6559 /* UILabel+UILabel_Font.m */,
			);
			name = "Runtime(运行时)";
			path = RuntimeDemo/RuntimeDemo;
			sourceTree = "<group>";
		};
		2050E4F71DB0BBA70027C22E /* TTLogger(日志打印) */ = {
			isa = PBXGroup;
			children = (
				2050E4F81DB0BBA70027C22E /* CoreDebug.h */,
				2050E4F91DB0BBA70027C22E /* TTLogger.h */,
				2050E4FA1DB0BBA70027C22E /* TTLogger.m */,
			);
			path = "TTLogger(日志打印)";
			sourceTree = "<group>";
		};
		2062D7591D4843B800B7BF5D = {
			isa = PBXGroup;
			children = (
				2062D7641D4843B800B7BF5D /* TTProject */,
				2062D7631D4843B800B7BF5D /* Products */,
				E9CDD43DE48CCE6D6B179832 /* Pods */,
				4E5914E76EA8F6C4B3E192C6 /* Frameworks */,
			);
			sourceTree = "<group>";
		};
		2062D7631D4843B800B7BF5D /* Products */ = {
			isa = PBXGroup;
			children = (
				2062D7621D4843B800B7BF5D /* TTProject.app */,
			);
			name = Products;
			sourceTree = "<group>";
		};
		2062D7641D4843B800B7BF5D /* TTProject */ = {
			isa = PBXGroup;
			children = (
				6427F2501F984D6200B4DFC1 /* VKThemeHeader.h */,
				6427F24F1F984D6200B4DFC1 /* VKUtilsDefineHeader.h */,
				2062D7681D4843B800B7BF5D /* AppDelegate.h */,
				2062D7691D4843B800B7BF5D /* AppDelegate.m */,
				2062D76B1D4843B800B7BF5D /* ViewController.h */,
				2062D76C1D4843B800B7BF5D /* ViewController.m */,
				2062D76E1D4843B800B7BF5D /* Main.storyboard */,
				6427F1EE1F984B7800B4DFC1 /* Common */,
				20825BC31D8FFC1C00D61356 /* TTData(数据模型转换) */,
				20430AA21D5611CC001CB6C0 /* Runtime(运行时) */,
				203205A91D911565007EB4C8 /* TTHybird(H5和Native通讯) */,
				6427F1D51F9842E700B4DFC1 /* Contact(通讯录) */,
				2050E4F71DB0BBA70027C22E /* TTLogger(日志打印) */,
				201FBF771D928AC000A4D5E4 /* Resource */,
				2086A43C1D73D14700454087 /* Base */,
				2062D7651D4843B800B7BF5D /* Supporting Files */,
			);
			path = TTProject;
			sourceTree = "<group>";
		};
		2062D7651D4843B800B7BF5D /* Supporting Files */ = {
			isa = PBXGroup;
			children = (
				2086F6C01D74855D00BB6559 /* TTProject.pch */,
				2062D7711D4843B800B7BF5D /* Assets.xcassets */,
				2062D7731D4843B800B7BF5D /* LaunchScreen.storyboard */,
				2062D7761D4843B800B7BF5D /* Info.plist */,
				2062D7661D4843B800B7BF5D /* main.m */,
			);
			name = "Supporting Files";
			sourceTree = "<group>";
		};
		20825BC31D8FFC1C00D61356 /* TTData(数据模型转换) */ = {
			isa = PBXGroup;
			children = (
				20B913F51D93A62E00FB5EC8 /* StatusResult */,
				20B913DB1D936A5D00FB5EC8 /* TTPersonModel.h */,
				20B913DC1D936A5D00FB5EC8 /* TTPersonModel.m */,
				20BEF9411E73CD530007340C /* VKSalesListModel.h */,
				20BEF9421E73CD530007340C /* VKSalesListModel.m */,
				20BEF9431E73CD530007340C /* VKSalesModel.h */,
				20BEF9441E73CD530007340C /* VKSalesModel.m */,
				20BEF9451E73CD530007340C /* VKSalesTeamModel.h */,
				20BEF9461E73CD530007340C /* VKSalesTeamModel.m */,
				20B913F11D93891700FB5EC8 /* NewsModel */,
				20B913DE1D936C6100FB5EC8 /* TTDataParserViewController.h */,
				20B913DF1D936C6100FB5EC8 /* TTDataParserViewController.m */,
				6427F1DF1F98460800B4DFC1 /* TTDataParserViewController.xib */,
			);
			path = "TTData(数据模型转换)";
			sourceTree = "<group>";
		};
		2086A43C1D73D14700454087 /* Base */ = {
			isa = PBXGroup;
			children = (
				2086F6C11D74868300BB6559 /* BaseViewController */,
			);
			path = Base;
			sourceTree = "<group>";
		};
		2086F6C11D74868300BB6559 /* BaseViewController */ = {
			isa = PBXGroup;
			children = (
				2086A43D1D73D28500454087 /* TTBaseViewController.h */,
				2086A43E1D73D28500454087 /* TTBaseViewController.m */,
				6427F2711F98789400B4DFC1 /* TTBaseNavigationController.h */,
				6427F2721F98789400B4DFC1 /* TTBaseNavigationController.m */,
			);
			name = BaseViewController;
			sourceTree = "<group>";
		};
		20B913F11D93891700FB5EC8 /* NewsModel */ = {
			isa = PBXGroup;
			children = (
				20B913EE1D9388C800FB5EC8 /* TTNewsModel.h */,
				20B913EF1D9388C800FB5EC8 /* TTNewsModel.m */,
				20B913F21D9389D300FB5EC8 /* TTHouseNewsModel.h */,
				20B913F31D9389D300FB5EC8 /* TTHouseNewsModel.m */,
			);
			name = NewsModel;
			sourceTree = "<group>";
		};
		20B913F51D93A62E00FB5EC8 /* StatusResult */ = {
			isa = PBXGroup;
			children = (
				20B913F61D93A66F00FB5EC8 /* TTStatusResults.h */,
				20B913F71D93A66F00FB5EC8 /* TTStatusResults.m */,
				20B913FC1D93AA5F00FB5EC8 /* TTStatus.h */,
				20B913FD1D93AA5F00FB5EC8 /* TTStatus.m */,
				20B913F91D93A9C300FB5EC8 /* TTAd.h */,
				20B913FA1D93A9C300FB5EC8 /* TTAd.m */,
				20B913E41D93825C00FB5EC8 /* TTUser.h */,
				20B913E51D93825C00FB5EC8 /* TTUser.m */,
				20B913FF1D93B80500FB5EC8 /* TTBag.h */,
				20B914001D93B80500FB5EC8 /* TTBag.m */,
				20B914021D93B89200FB5EC8 /* TTStudent.h */,
				20B914031D93B89200FB5EC8 /* TTStudent.m */,
			);
			name = StatusResult;
			sourceTree = "<group>";
		};
		4E5914E76EA8F6C4B3E192C6 /* Frameworks */ = {
			isa = PBXGroup;
			children = (
				D07EC067BF1B97EB80388711 /* libPods-TTProject.a */,
			);
			name = Frameworks;
			sourceTree = "<group>";
		};
		6427F1D51F9842E700B4DFC1 /* Contact(通讯录) */ = {
			isa = PBXGroup;
			children = (
				6427F1E71F984AA500B4DFC1 /* TTContactViewController.h */,
				6427F1E81F984AA500B4DFC1 /* TTContactViewController.m */,
				6427F1E91F984AA500B4DFC1 /* TTContactViewController.xib */,
			);
			path = "Contact(通讯录)";
			sourceTree = "<group>";
		};
		6427F1EE1F984B7800B4DFC1 /* Common */ = {
			isa = PBXGroup;
			children = (
				6427F1F21F984B9E00B4DFC1 /* Category */,
			);
			path = Common;
			sourceTree = "<group>";
		};
		6427F1F21F984B9E00B4DFC1 /* Category */ = {
			isa = PBXGroup;
			children = (
				6427F2091F984B9E00B4DFC1 /* SafeCode(防越界) */,
				6427F1F31F984B9E00B4DFC1 /* base64.h */,
				6427F1F41F984B9E00B4DFC1 /* base64.m */,
				6427F1F51F984B9E00B4DFC1 /* NSArray+Util.h */,
				6427F1F61F984B9E00B4DFC1 /* NSArray+Util.m */,
				6427F1F71F984B9E00B4DFC1 /* NSDate+Category.h */,
				6427F1F81F984B9E00B4DFC1 /* NSDate+Category.m */,
				6427F1F91F984B9E00B4DFC1 /* NSDate+Helper.h */,
				6427F1FA1F984B9E00B4DFC1 /* NSDate+Helper.m */,
				6427F1FB1F984B9E00B4DFC1 /* NSDate+SSToolkitAdditions.h */,
				6427F1FC1F984B9E00B4DFC1 /* NSDate+SSToolkitAdditions.m */,
				6427F1FD1F984B9E00B4DFC1 /* NSDate+Util.h */,
				6427F1FE1F984B9E00B4DFC1 /* NSDate+Util.m */,
				6427F1FF1F984B9E00B4DFC1 /* NSDateFormatter+Category.h */,
				6427F2001F984B9E00B4DFC1 /* NSDateFormatter+Category.m */,
				6427F2011F984B9E00B4DFC1 /* NSDictionary+Util.h */,
				6427F2021F984B9E00B4DFC1 /* NSDictionary+Util.m */,
				6427F2031F984B9E00B4DFC1 /* NSString+ContentSize.h */,
				6427F2041F984B9E00B4DFC1 /* NSString+ContentSize.m */,
				6427F2051F984B9E00B4DFC1 /* NSString+MD5Addition.h */,
				6427F2061F984B9E00B4DFC1 /* NSString+MD5Addition.m */,
				6427F2071F984B9E00B4DFC1 /* NSString+Util.h */,
				6427F2081F984B9E00B4DFC1 /* NSString+Util.m */,
				6427F2161F984B9E00B4DFC1 /* UIButton+ImageTitleSpacing.h */,
				6427F2171F984B9E00B4DFC1 /* UIButton+ImageTitleSpacing.m */,
				6427F2181F984B9E00B4DFC1 /* UIColor+Util.h */,
				6427F2191F984B9E00B4DFC1 /* UIColor+Util.m */,
				6427F21A1F984B9E00B4DFC1 /* UIDevice+IdentifierAddition.h */,
				6427F21B1F984B9E00B4DFC1 /* UIDevice+IdentifierAddition.m */,
				6427F21C1F984B9E00B4DFC1 /* UIImage+Additions.h */,
				6427F21D1F984B9E00B4DFC1 /* UIImage+Additions.m */,
				6427F21E1F984B9E00B4DFC1 /* UIImage+ImageEffects.h */,
				6427F21F1F984B9E00B4DFC1 /* UIImage+ImageEffects.m */,
				6427F2201F984B9E00B4DFC1 /* UINavigationBar+Awesome.h */,
				6427F2211F984B9E00B4DFC1 /* UINavigationBar+Awesome.m */,
				6427F2221F984B9E00B4DFC1 /* UIView+Awesome.h */,
				6427F2231F984B9E00B4DFC1 /* UIView+Awesome.m */,
				6427F2241F984B9E00B4DFC1 /* UIView+ViewExtension.h */,
				6427F2251F984B9E00B4DFC1 /* UIView+ViewExtension.m */,
				6427F2261F984B9E00B4DFC1 /* VKBaseViewController+VKUnitils.h */,
				6427F2271F984B9E00B4DFC1 /* VKBaseViewController+VKUnitils.m */,
				6427F2281F984B9E00B4DFC1 /* VKDateFormatUtil.h */,
				6427F2291F984B9E00B4DFC1 /* VKDateFormatUtil.m */,
				6427F22A1F984B9E00B4DFC1 /* zxpCode */,
			);
			path = Category;
			sourceTree = "<group>";
		};
		6427F2091F984B9E00B4DFC1 /* SafeCode(防越界) */ = {
			isa = PBXGroup;
			children = (
				6427F20A1F984B9E00B4DFC1 /* NSArray+Safe.h */,
				6427F20B1F984B9E00B4DFC1 /* NSArray+Safe.m */,
				6427F20C1F984B9E00B4DFC1 /* NSDictionary+Safe.h */,
				6427F20D1F984B9E00B4DFC1 /* NSDictionary+Safe.m */,
				6427F20E1F984B9E00B4DFC1 /* NSMutableArray+Safe.h */,
				6427F20F1F984B9E00B4DFC1 /* NSMutableArray+Safe.m */,
				6427F2101F984B9E00B4DFC1 /* NSMutableDictionary+Safe.h */,
				6427F2111F984B9E00B4DFC1 /* NSMutableDictionary+Safe.m */,
				6427F2121F984B9E00B4DFC1 /* NSMutableString+safe.h */,
				6427F2131F984B9E00B4DFC1 /* NSMutableString+safe.m */,
				6427F2141F984B9E00B4DFC1 /* NSObject+Hook.h */,
				6427F2151F984B9E00B4DFC1 /* NSObject+Hook.m */,
			);
			path = "SafeCode(防越界)";
			sourceTree = "<group>";
		};
		6427F22A1F984B9E00B4DFC1 /* zxpCode */ = {
			isa = PBXGroup;
			children = (
				6427F22B1F984B9E00B4DFC1 /* NSArray+ ZXPUnicode.m */,
				6427F22C1F984B9E00B4DFC1 /* NSArray+ZXPUnicode.h */,
				6427F22D1F984B9E00B4DFC1 /* NSDictionary+ZXPUnicode.h */,
				6427F22E1F984B9E00B4DFC1 /* NSDictionary+ZXPUnicode.m */,
				6427F22F1F984B9E00B4DFC1 /* NSObject+ZXPUnicode.h */,
				6427F2301F984B9E00B4DFC1 /* NSObject+ZXPUnicode.m */,
			);
			path = zxpCode;
			sourceTree = "<group>";
		};
		E9CDD43DE48CCE6D6B179832 /* Pods */ = {
			isa = PBXGroup;
			children = (
				B51A67409D0AE6984AABE518 /* Pods-TTProject.debug.xcconfig */,
				4EED591E5B96D7ACB45648E9 /* Pods-TTProject.release.xcconfig */,
			);
			name = Pods;
			sourceTree = "<group>";
		};
/* End PBXGroup section */

/* Begin PBXNativeTarget section */
		2062D7611D4843B800B7BF5D /* TTProject */ = {
			isa = PBXNativeTarget;
			buildConfigurationList = 2062D7791D4843B800B7BF5D /* Build configuration list for PBXNativeTarget "TTProject" */;
			buildPhases = (
				EE034FB26D674DD567DE8CDD /* [CP] Check Pods Manifest.lock */,
				2062D75E1D4843B800B7BF5D /* Sources */,
				2062D75F1D4843B800B7BF5D /* Frameworks */,
				2062D7601D4843B800B7BF5D /* Resources */,
				0B186376270BFE71A55588E7 /* [CP] Embed Pods Frameworks */,
				655293C73415958B73F1B2EB /* [CP] Copy Pods Resources */,
			);
			buildRules = (
			);
			dependencies = (
			);
			name = TTProject;
			productName = TTProject;
			productReference = 2062D7621D4843B800B7BF5D /* TTProject.app */;
			productType = "com.apple.product-type.application";
		};
/* End PBXNativeTarget section */

/* Begin PBXProject section */
		2062D75A1D4843B800B7BF5D /* Project object */ = {
			isa = PBXProject;
			attributes = {
				CLASSPREFIX = TT;
				LastUpgradeCheck = 0730;
				ORGANIZATIONNAME = Evan;
				TargetAttributes = {
					2062D7611D4843B800B7BF5D = {
						CreatedOnToolsVersion = 7.3;
					};
				};
			};
			buildConfigurationList = 2062D75D1D4843B800B7BF5D /* Build configuration list for PBXProject "TTProject" */;
			compatibilityVersion = "Xcode 3.2";
			developmentRegion = English;
			hasScannedForEncodings = 0;
			knownRegions = (
				en,
				Base,
			);
			mainGroup = 2062D7591D4843B800B7BF5D;
			productRefGroup = 2062D7631D4843B800B7BF5D /* Products */;
			projectDirPath = "";
			projectRoot = "";
			targets = (
				2062D7611D4843B800B7BF5D /* TTProject */,
			);
		};
/* End PBXProject section */

/* Begin PBXResourcesBuildPhase section */
		2062D7601D4843B800B7BF5D /* Resources */ = {
			isa = PBXResourcesBuildPhase;
			buildActionMask = 2147483647;
			files = (
				6427F1E01F98460800B4DFC1 /* TTDataParserViewController.xib in Resources */,
				2062D7751D4843B800B7BF5D /* LaunchScreen.storyboard in Resources */,
				6427F1EB1F984AA500B4DFC1 /* TTContactViewController.xib in Resources */,
				2062D7721D4843B800B7BF5D /* Assets.xcassets in Resources */,
				203205B11D91219D007EB4C8 /* index.html in Resources */,
				2062D7701D4843B800B7BF5D /* Main.storyboard in Resources */,
				6427F2611F98533800B4DFC1 /* TTRuntimeViewController.xib in Resources */,
				201FBF831D928D2C00A4D5E4 /* H5Resource in Resources */,
				6427F26B1F98547A00B4DFC1 /* TTWebViewBridgeController.xib in Resources */,
				6427F2701F9854CA00B4DFC1 /* TTBaseWebViewController.xib in Resources */,
				6427F2661F9853EF00B4DFC1 /* TTTestWebViewController.xib in Resources */,
			);
			runOnlyForDeploymentPostprocessing = 0;
		};
/* End PBXResourcesBuildPhase section */

/* Begin PBXShellScriptBuildPhase section */
		0B186376270BFE71A55588E7 /* [CP] Embed Pods Frameworks */ = {
			isa = PBXShellScriptBuildPhase;
			buildActionMask = 2147483647;
			files = (
			);
			inputPaths = (
			);
			name = "[CP] Embed Pods Frameworks";
			outputPaths = (
			);
			runOnlyForDeploymentPostprocessing = 0;
			shellPath = /bin/sh;
			shellScript = "\"${SRCROOT}/Pods/Target Support Files/Pods-TTProject/Pods-TTProject-frameworks.sh\"\n";
			showEnvVarsInLog = 0;
		};
		655293C73415958B73F1B2EB /* [CP] Copy Pods Resources */ = {
			isa = PBXShellScriptBuildPhase;
			buildActionMask = 2147483647;
			files = (
			);
			inputPaths = (
			);
			name = "[CP] Copy Pods Resources";
			outputPaths = (
			);
			runOnlyForDeploymentPostprocessing = 0;
			shellPath = /bin/sh;
			shellScript = "\"${SRCROOT}/Pods/Target Support Files/Pods-TTProject/Pods-TTProject-resources.sh\"\n";
			showEnvVarsInLog = 0;
		};
		EE034FB26D674DD567DE8CDD /* [CP] Check Pods Manifest.lock */ = {
			isa = PBXShellScriptBuildPhase;
			buildActionMask = 2147483647;
			files = (
			);
			inputPaths = (
			);
			name = "[CP] Check Pods Manifest.lock";
			outputPaths = (
			);
			runOnlyForDeploymentPostprocessing = 0;
			shellPath = /bin/sh;
			shellScript = "diff \"${PODS_ROOT}/../Podfile.lock\" \"${PODS_ROOT}/Manifest.lock\" > /dev/null\nif [ $? != 0 ] ; then\n    # print error to STDERR\n    echo \"error: The sandbox is not in sync with the Podfile.lock. Run 'pod install' or update your CocoaPods installation.\" >&2\n    exit 1\nfi\n";
			showEnvVarsInLog = 0;
		};
/* End PBXShellScriptBuildPhase section */

/* Begin PBXSourcesBuildPhase section */
		2062D75E1D4843B800B7BF5D /* Sources */ = {
			isa = PBXSourcesBuildPhase;
			buildActionMask = 2147483647;
			files = (
				6427F26A1F98547A00B4DFC1 /* TTWebViewBridgeController.m in Sources */,
				20B913E61D93825C00FB5EC8 /* TTUser.m in Sources */,
				20B913E01D936C6100FB5EC8 /* TTDataParserViewController.m in Sources */,
				6427F24B1F984B9E00B4DFC1 /* VKDateFormatUtil.m in Sources */,
				6427F2351F984B9E00B4DFC1 /* NSDate+SSToolkitAdditions.m in Sources */,
				6427F2461F984B9E00B4DFC1 /* UIImage+ImageEffects.m in Sources */,
				6427F2731F98789400B4DFC1 /* TTBaseNavigationController.m in Sources */,
				6427F2481F984B9E00B4DFC1 /* UIView+Awesome.m in Sources */,
				6427F2491F984B9E00B4DFC1 /* UIView+ViewExtension.m in Sources */,
				20B913DD1D936A5D00FB5EC8 /* TTPersonModel.m in Sources */,
				6427F23C1F984B9E00B4DFC1 /* NSArray+Safe.m in Sources */,
				6427F2341F984B9E00B4DFC1 /* NSDate+Helper.m in Sources */,
				20BEF9491E73CD530007340C /* VKSalesTeamModel.m in Sources */,
				6427F24C1F984B9E00B4DFC1 /* NSArray+ ZXPUnicode.m in Sources */,
				20B913FE1D93AA5F00FB5EC8 /* TTStatus.m in Sources */,
				20B913FB1D93A9C300FB5EC8 /* TTAd.m in Sources */,
				20B913F41D9389D300FB5EC8 /* TTHouseNewsModel.m in Sources */,
				6427F23D1F984B9E00B4DFC1 /* NSDictionary+Safe.m in Sources */,
				201FBF721D9269CE00A4D5E4 /* TTNativeBetweenJSInterface.m in Sources */,
				6427F2471F984B9E00B4DFC1 /* UINavigationBar+Awesome.m in Sources */,
				6427F2401F984B9E00B4DFC1 /* NSMutableString+safe.m in Sources */,
				20BEF9481E73CD530007340C /* VKSalesModel.m in Sources */,
				6427F2361F984B9E00B4DFC1 /* NSDate+Util.m in Sources */,
				2050E4FB1DB0BBA70027C22E /* TTLogger.m in Sources */,
				2062D76D1D4843B800B7BF5D /* ViewController.m in Sources */,
				6427F24E1F984B9E00B4DFC1 /* NSObject+ZXPUnicode.m in Sources */,
				6427F24D1F984B9E00B4DFC1 /* NSDictionary+ZXPUnicode.m in Sources */,
				20B914041D93B89200FB5EC8 /* TTStudent.m in Sources */,
				6427F1EA1F984AA500B4DFC1 /* TTContactViewController.m in Sources */,
				6427F2421F984B9E00B4DFC1 /* UIButton+ImageTitleSpacing.m in Sources */,
				6427F2321F984B9E00B4DFC1 /* NSArray+Util.m in Sources */,
				2086A43F1D73D28500454087 /* TTBaseViewController.m in Sources */,
				6427F2371F984B9E00B4DFC1 /* NSDateFormatter+Category.m in Sources */,
				6427F2441F984B9E00B4DFC1 /* UIDevice+IdentifierAddition.m in Sources */,
				6427F2451F984B9E00B4DFC1 /* UIImage+Additions.m in Sources */,
				6427F23A1F984B9E00B4DFC1 /* NSString+MD5Addition.m in Sources */,
				20BEF9471E73CD530007340C /* VKSalesListModel.m in Sources */,
				20B914011D93B80500FB5EC8 /* TTBag.m in Sources */,
				6427F2651F9853EF00B4DFC1 /* TTTestWebViewController.m in Sources */,
				6427F23E1F984B9E00B4DFC1 /* NSMutableArray+Safe.m in Sources */,
				2062D76A1D4843B800B7BF5D /* AppDelegate.m in Sources */,
				2062D7671D4843B800B7BF5D /* main.m in Sources */,
				6427F2601F98533800B4DFC1 /* TTRuntimeViewController.m in Sources */,
				2086F6CB1D748A4700BB6559 /* TTMsgSend.m in Sources */,
				20B913F01D9388C800FB5EC8 /* TTNewsModel.m in Sources */,
				6427F2311F984B9E00B4DFC1 /* base64.m in Sources */,
				6427F23F1F984B9E00B4DFC1 /* NSMutableDictionary+Safe.m in Sources */,
				6427F2331F984B9E00B4DFC1 /* NSDate+Category.m in Sources */,
				6427F2411F984B9E00B4DFC1 /* NSObject+Hook.m in Sources */,
				6427F24A1F984B9E00B4DFC1 /* VKBaseViewController+VKUnitils.m in Sources */,
				6427F2391F984B9E00B4DFC1 /* NSString+ContentSize.m in Sources */,
				6427F2381F984B9E00B4DFC1 /* NSDictionary+Util.m in Sources */,
				6427F26F1F9854CA00B4DFC1 /* TTBaseWebViewController.m in Sources */,
				2086F6CE1D748A4700BB6559 /* UILabel+UILabel_Font.m in Sources */,
				6427F23B1F984B9E00B4DFC1 /* NSString+Util.m in Sources */,
				20B913F81D93A66F00FB5EC8 /* TTStatusResults.m in Sources */,
				2086F6CC1D748A4700BB6559 /* TTPerson.m in Sources */,
				6427F2431F984B9E00B4DFC1 /* UIColor+Util.m in Sources */,
			);
			runOnlyForDeploymentPostprocessing = 0;
		};
/* End PBXSourcesBuildPhase section */

/* Begin PBXVariantGroup section */
		2062D76E1D4843B800B7BF5D /* Main.storyboard */ = {
			isa = PBXVariantGroup;
			children = (
				2062D76F1D4843B800B7BF5D /* Base */,
			);
			name = Main.storyboard;
			sourceTree = "<group>";
		};
		2062D7731D4843B800B7BF5D /* LaunchScreen.storyboard */ = {
			isa = PBXVariantGroup;
			children = (
				2062D7741D4843B800B7BF5D /* Base */,
			);
			name = LaunchScreen.storyboard;
			sourceTree = "<group>";
		};
/* End PBXVariantGroup section */

/* Begin XCBuildConfiguration section */
		2062D7771D4843B800B7BF5D /* Debug */ = {
			isa = XCBuildConfiguration;
			buildSettings = {
				ALWAYS_SEARCH_USER_PATHS = NO;
				CLANG_ANALYZER_NONNULL = YES;
				CLANG_CXX_LANGUAGE_STANDARD = "gnu++0x";
				CLANG_CXX_LIBRARY = "libc++";
				CLANG_ENABLE_MODULES = YES;
				CLANG_ENABLE_OBJC_ARC = YES;
				CLANG_WARN_BOOL_CONVERSION = YES;
				CLANG_WARN_CONSTANT_CONVERSION = YES;
				CLANG_WARN_DIRECT_OBJC_ISA_USAGE = YES_ERROR;
				CLANG_WARN_EMPTY_BODY = YES;
				CLANG_WARN_ENUM_CONVERSION = YES;
				CLANG_WARN_INT_CONVERSION = YES;
				CLANG_WARN_OBJC_ROOT_CLASS = YES_ERROR;
				CLANG_WARN_UNREACHABLE_CODE = YES;
				CLANG_WARN__DUPLICATE_METHOD_MATCH = YES;
				CODE_SIGN_IDENTITY = "iPhone Developer: xiaodong deng (WMQ2CFL53H)";
				"CODE_SIGN_IDENTITY[sdk=iphoneos*]" = "iPhone Developer: xiaodong deng (WMQ2CFL53H)";
				COPY_PHASE_STRIP = NO;
				DEBUG_INFORMATION_FORMAT = dwarf;
				ENABLE_STRICT_OBJC_MSGSEND = YES;
				ENABLE_TESTABILITY = YES;
				GCC_C_LANGUAGE_STANDARD = gnu99;
				GCC_DYNAMIC_NO_PIC = NO;
				GCC_NO_COMMON_BLOCKS = YES;
				GCC_OPTIMIZATION_LEVEL = 0;
				GCC_PREFIX_HEADER = TTProject/TTProject.pch;
				GCC_PREPROCESSOR_DEFINITIONS = (
					"DEBUG=1",
					"$(inherited)",
				);
				GCC_WARN_64_TO_32_BIT_CONVERSION = YES;
				GCC_WARN_ABOUT_RETURN_TYPE = YES_ERROR;
				GCC_WARN_UNDECLARED_SELECTOR = YES;
				GCC_WARN_UNINITIALIZED_AUTOS = YES_AGGRESSIVE;
				GCC_WARN_UNUSED_FUNCTION = YES;
				GCC_WARN_UNUSED_VARIABLE = YES;
				IPHONEOS_DEPLOYMENT_TARGET = 11.0;
				MTL_ENABLE_DEBUG_INFO = YES;
				ONLY_ACTIVE_ARCH = YES;
				PROVISIONING_PROFILE = "3af48133-9e0f-4eb1-bc72-fe7bbba954d0";
				SDKROOT = iphoneos;
			};
			name = Debug;
		};
		2062D7781D4843B800B7BF5D /* Release */ = {
			isa = XCBuildConfiguration;
			buildSettings = {
				ALWAYS_SEARCH_USER_PATHS = NO;
				CLANG_ANALYZER_NONNULL = YES;
				CLANG_CXX_LANGUAGE_STANDARD = "gnu++0x";
				CLANG_CXX_LIBRARY = "libc++";
				CLANG_ENABLE_MODULES = YES;
				CLANG_ENABLE_OBJC_ARC = YES;
				CLANG_WARN_BOOL_CONVERSION = YES;
				CLANG_WARN_CONSTANT_CONVERSION = YES;
				CLANG_WARN_DIRECT_OBJC_ISA_USAGE = YES_ERROR;
				CLANG_WARN_EMPTY_BODY = YES;
				CLANG_WARN_ENUM_CONVERSION = YES;
				CLANG_WARN_INT_CONVERSION = YES;
				CLANG_WARN_OBJC_ROOT_CLASS = YES_ERROR;
				CLANG_WARN_UNREACHABLE_CODE = YES;
				CLANG_WARN__DUPLICATE_METHOD_MATCH = YES;
				CODE_SIGN_IDENTITY = "iPhone Developer: xiaodong deng (WMQ2CFL53H)";
				"CODE_SIGN_IDENTITY[sdk=iphoneos*]" = "iPhone Developer: xiaodong deng (WMQ2CFL53H)";
				COPY_PHASE_STRIP = NO;
				DEBUG_INFORMATION_FORMAT = "dwarf-with-dsym";
				ENABLE_NS_ASSERTIONS = NO;
				ENABLE_STRICT_OBJC_MSGSEND = YES;
				GCC_C_LANGUAGE_STANDARD = gnu99;
				GCC_NO_COMMON_BLOCKS = YES;
				GCC_PREFIX_HEADER = TTProject/TTProject.pch;
				GCC_WARN_64_TO_32_BIT_CONVERSION = YES;
				GCC_WARN_ABOUT_RETURN_TYPE = YES_ERROR;
				GCC_WARN_UNDECLARED_SELECTOR = YES;
				GCC_WARN_UNINITIALIZED_AUTOS = YES_AGGRESSIVE;
				GCC_WARN_UNUSED_FUNCTION = YES;
				GCC_WARN_UNUSED_VARIABLE = YES;
				IPHONEOS_DEPLOYMENT_TARGET = 11.0;
				MTL_ENABLE_DEBUG_INFO = NO;
				PROVISIONING_PROFILE = "3af48133-9e0f-4eb1-bc72-fe7bbba954d0";
				SDKROOT = iphoneos;
				VALIDATE_PRODUCT = YES;
			};
			name = Release;
		};
		2062D77A1D4843B800B7BF5D /* Debug */ = {
			isa = XCBuildConfiguration;
			baseConfigurationReference = B51A67409D0AE6984AABE518 /* Pods-TTProject.debug.xcconfig */;
			buildSettings = {
				ASSETCATALOG_COMPILER_APPICON_NAME = AppIcon;
				CODE_SIGN_IDENTITY = "iPhone Developer: xiaodong deng (WMQ2CFL53H)";
				"CODE_SIGN_IDENTITY[sdk=iphoneos*]" = "iPhone Developer: xiaodong deng (WMQ2CFL53H)";
				DEVELOPMENT_TEAM = "";
				ENABLE_STRICT_OBJC_MSGSEND = NO;
				INFOPLIST_FILE = TTProject/Info.plist;
				LD_RUNPATH_SEARCH_PATHS = "$(inherited) @executable_path/Frameworks";
				PRODUCT_BUNDLE_IDENTIFIER = com.TTProject;
				PRODUCT_NAME = "$(TARGET_NAME)";
				PROVISIONING_PROFILE_SPECIFIER = chenwenxi;
			};
			name = Debug;
		};
		2062D77B1D4843B800B7BF5D /* Release */ = {
			isa = XCBuildConfiguration;
			baseConfigurationReference = 4EED591E5B96D7ACB45648E9 /* Pods-TTProject.release.xcconfig */;
			buildSettings = {
				ASSETCATALOG_COMPILER_APPICON_NAME = AppIcon;
				CODE_SIGN_IDENTITY = "iPhone Developer: xiaodong deng (WMQ2CFL53H)";
				"CODE_SIGN_IDENTITY[sdk=iphoneos*]" = "iPhone Developer: xiaodong deng (WMQ2CFL53H)";
				DEVELOPMENT_TEAM = "";
				ENABLE_STRICT_OBJC_MSGSEND = NO;
				INFOPLIST_FILE = TTProject/Info.plist;
				LD_RUNPATH_SEARCH_PATHS = "$(inherited) @executable_path/Frameworks";
				PRODUCT_BUNDLE_IDENTIFIER = com.TTProject;
				PRODUCT_NAME = "$(TARGET_NAME)";
				PROVISIONING_PROFILE_SPECIFIER = chenwenxi;
			};
			name = Release;
		};
/* End XCBuildConfiguration section */

/* Begin XCConfigurationList section */
		2062D75D1D4843B800B7BF5D /* Build configuration list for PBXProject "TTProject" */ = {
			isa = XCConfigurationList;
			buildConfigurations = (
				2062D7771D4843B800B7BF5D /* Debug */,
				2062D7781D4843B800B7BF5D /* Release */,
			);
			defaultConfigurationIsVisible = 0;
			defaultConfigurationName = Release;
		};
		2062D7791D4843B800B7BF5D /* Build configuration list for PBXNativeTarget "TTProject" */ = {
			isa = XCConfigurationList;
			buildConfigurations = (
				2062D77A1D4843B800B7BF5D /* Debug */,
				2062D77B1D4843B800B7BF5D /* Release */,
			);
			defaultConfigurationIsVisible = 0;
			defaultConfigurationName = Release;
		};
/* End XCConfigurationList section */
	};
	rootObject = 2062D75A1D4843B800B7BF5D /* Project object */;
}
